// !$*UTF8*$!
{
	archiveVersion = 1;
	classes = {
	};
	objectVersion = 56;
	objects = {

/* Begin PBXBuildFile section */
		61AA390D2CAE41680070EBFF /* re_lightningDonghaeApp.swift in Sources */ = {isa = PBXBuildFile; fileRef = 61AA390C2CAE41680070EBFF /* re_lightningDonghaeApp.swift */; };
		61AA39112CAE41690070EBFF /* Assets.xcassets in Resources */ = {isa = PBXBuildFile; fileRef = 61AA39102CAE41690070EBFF /* Assets.xcassets */; };
		61AA39142CAE41690070EBFF /* Preview Assets.xcassets in Resources */ = {isa = PBXBuildFile; fileRef = 61AA39132CAE41690070EBFF /* Preview Assets.xcassets */; };
		61AA391B2CAE44160070EBFF /* MainView.swift in Sources */ = {isa = PBXBuildFile; fileRef = 61AA391A2CAE44160070EBFF /* MainView.swift */; };
		61AA391D2CAE44310070EBFF /* TodayRecommendedCard.swift in Sources */ = {isa = PBXBuildFile; fileRef = 61AA391C2CAE44310070EBFF /* TodayRecommendedCard.swift */; };
		61AA391F2CAE44760070EBFF /* TabBarView.swift in Sources */ = {isa = PBXBuildFile; fileRef = 61AA391E2CAE44760070EBFF /* TabBarView.swift */; };
		61AA39212CAE44D90070EBFF /* SubwayMapView.swift in Sources */ = {isa = PBXBuildFile; fileRef = 61AA39202CAE44D90070EBFF /* SubwayMapView.swift */; };
		61AA39242CAE45230070EBFF /* StationDetailView.swift in Sources */ = {isa = PBXBuildFile; fileRef = 61AA39232CAE45230070EBFF /* StationDetailView.swift */; };
		61AA39262CAE45990070EBFF /* MyPageView.swift in Sources */ = {isa = PBXBuildFile; fileRef = 61AA39252CAE45990070EBFF /* MyPageView.swift */; };
		61AA39282CAE46FD0070EBFF /* StampMapView.swift in Sources */ = {isa = PBXBuildFile; fileRef = 61AA39272CAE46FD0070EBFF /* StampMapView.swift */; };
		61AA392A2CAE472B0070EBFF /* TourlistInfo.swift in Sources */ = {isa = PBXBuildFile; fileRef = 61AA39292CAE472B0070EBFF /* TourlistInfo.swift */; };
		61AA392C2CAE473F0070EBFF /* TourListView.swift in Sources */ = {isa = PBXBuildFile; fileRef = 61AA392B2CAE473F0070EBFF /* TourListView.swift */; };
		61AA392F2CAE480A0070EBFF /* LoginView.swift in Sources */ = {isa = PBXBuildFile; fileRef = 61AA392E2CAE480A0070EBFF /* LoginView.swift */; };
		61AA39312CAE481D0070EBFF /* CreateAccountView.swift in Sources */ = {isa = PBXBuildFile; fileRef = 61AA39302CAE481D0070EBFF /* CreateAccountView.swift */; };
		61AA39332CAE497E0070EBFF /* SelectLifeStyleView.swift in Sources */ = {isa = PBXBuildFile; fileRef = 61AA39322CAE497E0070EBFF /* SelectLifeStyleView.swift */; };
		61AA39352CAE49AA0070EBFF /* AILottiView.swift in Sources */ = {isa = PBXBuildFile; fileRef = 61AA39342CAE49AA0070EBFF /* AILottiView.swift */; };
		61AA39372CAE4A3C0070EBFF /* SelectArrivalStation.swift in Sources */ = {isa = PBXBuildFile; fileRef = 61AA39362CAE4A3C0070EBFF /* SelectArrivalStation.swift */; };
		61AA39392CAE4B140070EBFF /* StationView.swift in Sources */ = {isa = PBXBuildFile; fileRef = 61AA39382CAE4B140070EBFF /* StationView.swift */; };
		61AA393B2CAE4B5A0070EBFF /* SearchView.swift in Sources */ = {isa = PBXBuildFile; fileRef = 61AA393A2CAE4B5A0070EBFF /* SearchView.swift */; };
		61AA393D2CAE4C590070EBFF /* TourlistSpotCard.swift in Sources */ = {isa = PBXBuildFile; fileRef = 61AA393C2CAE4C590070EBFF /* TourlistSpotCard.swift */; };
		61AA39452CAE70A80070EBFF /* ResultOfStationSelection.swift in Sources */ = {isa = PBXBuildFile; fileRef = 61AA39442CAE70A80070EBFF /* ResultOfStationSelection.swift */; };
		9D2170622CAE6099005E4CCB /* SubwaySchedules.swift in Sources */ = {isa = PBXBuildFile; fileRef = 9D2170612CAE6087005E4CCB /* SubwaySchedules.swift */; };
		9D2170662CAE6D6F005E4CCB /* AnswerView.swift in Sources */ = {isa = PBXBuildFile; fileRef = 9D2170652CAE6D62005E4CCB /* AnswerView.swift */; };
/* End PBXBuildFile section */

/* Begin PBXFileReference section */
		61AA39092CAE41680070EBFF /* re_lightningDonghae.app */ = {isa = PBXFileReference; explicitFileType = wrapper.application; includeInIndex = 0; path = re_lightningDonghae.app; sourceTree = BUILT_PRODUCTS_DIR; };
		61AA390C2CAE41680070EBFF /* re_lightningDonghaeApp.swift */ = {isa = PBXFileReference; lastKnownFileType = sourcecode.swift; path = re_lightningDonghaeApp.swift; sourceTree = "<group>"; };
		61AA39102CAE41690070EBFF /* Assets.xcassets */ = {isa = PBXFileReference; lastKnownFileType = folder.assetcatalog; path = Assets.xcassets; sourceTree = "<group>"; };
		61AA39132CAE41690070EBFF /* Preview Assets.xcassets */ = {isa = PBXFileReference; lastKnownFileType = folder.assetcatalog; path = "Preview Assets.xcassets"; sourceTree = "<group>"; };
		61AA391A2CAE44160070EBFF /* MainView.swift */ = {isa = PBXFileReference; lastKnownFileType = sourcecode.swift; path = MainView.swift; sourceTree = "<group>"; };
		61AA391C2CAE44310070EBFF /* TodayRecommendedCard.swift */ = {isa = PBXFileReference; lastKnownFileType = sourcecode.swift; path = TodayRecommendedCard.swift; sourceTree = "<group>"; };
		61AA391E2CAE44760070EBFF /* TabBarView.swift */ = {isa = PBXFileReference; lastKnownFileType = sourcecode.swift; path = TabBarView.swift; sourceTree = "<group>"; };
		61AA39202CAE44D90070EBFF /* SubwayMapView.swift */ = {isa = PBXFileReference; lastKnownFileType = sourcecode.swift; path = SubwayMapView.swift; sourceTree = "<group>"; };
		61AA39232CAE45230070EBFF /* StationDetailView.swift */ = {isa = PBXFileReference; lastKnownFileType = sourcecode.swift; path = StationDetailView.swift; sourceTree = "<group>"; };
		61AA39252CAE45990070EBFF /* MyPageView.swift */ = {isa = PBXFileReference; lastKnownFileType = sourcecode.swift; path = MyPageView.swift; sourceTree = "<group>"; };
		61AA39272CAE46FD0070EBFF /* StampMapView.swift */ = {isa = PBXFileReference; lastKnownFileType = sourcecode.swift; path = StampMapView.swift; sourceTree = "<group>"; };
		61AA39292CAE472B0070EBFF /* TourlistInfo.swift */ = {isa = PBXFileReference; lastKnownFileType = sourcecode.swift; path = TourlistInfo.swift; sourceTree = "<group>"; };
		61AA392B2CAE473F0070EBFF /* TourListView.swift */ = {isa = PBXFileReference; lastKnownFileType = sourcecode.swift; path = TourListView.swift; sourceTree = "<group>"; };
		61AA392E2CAE480A0070EBFF /* LoginView.swift */ = {isa = PBXFileReference; lastKnownFileType = sourcecode.swift; path = LoginView.swift; sourceTree = "<group>"; };
		61AA39302CAE481D0070EBFF /* CreateAccountView.swift */ = {isa = PBXFileReference; lastKnownFileType = sourcecode.swift; path = CreateAccountView.swift; sourceTree = "<group>"; };
		61AA39322CAE497E0070EBFF /* SelectLifeStyleView.swift */ = {isa = PBXFileReference; lastKnownFileType = sourcecode.swift; path = SelectLifeStyleView.swift; sourceTree = "<group>"; };
		61AA39342CAE49AA0070EBFF /* AILottiView.swift */ = {isa = PBXFileReference; lastKnownFileType = sourcecode.swift; path = AILottiView.swift; sourceTree = "<group>"; };
		61AA39362CAE4A3C0070EBFF /* SelectArrivalStation.swift */ = {isa = PBXFileReference; lastKnownFileType = sourcecode.swift; path = SelectArrivalStation.swift; sourceTree = "<group>"; };
		61AA39382CAE4B140070EBFF /* StationView.swift */ = {isa = PBXFileReference; lastKnownFileType = sourcecode.swift; path = StationView.swift; sourceTree = "<group>"; };
		61AA393A2CAE4B5A0070EBFF /* SearchView.swift */ = {isa = PBXFileReference; lastKnownFileType = sourcecode.swift; path = SearchView.swift; sourceTree = "<group>"; };
		61AA393C2CAE4C590070EBFF /* TourlistSpotCard.swift */ = {isa = PBXFileReference; lastKnownFileType = sourcecode.swift; path = TourlistSpotCard.swift; sourceTree = "<group>"; };
		61AA39442CAE70A80070EBFF /* ResultOfStationSelection.swift */ = {isa = PBXFileReference; lastKnownFileType = sourcecode.swift; path = ResultOfStationSelection.swift; sourceTree = "<group>"; };
		9D2170612CAE6087005E4CCB /* SubwaySchedules.swift */ = {isa = PBXFileReference; lastKnownFileType = sourcecode.swift; path = SubwaySchedules.swift; sourceTree = "<group>"; };
		9D2170652CAE6D62005E4CCB /* AnswerView.swift */ = {isa = PBXFileReference; lastKnownFileType = sourcecode.swift; path = AnswerView.swift; sourceTree = "<group>"; };
/* End PBXFileReference section */

/* Begin PBXFrameworksBuildPhase section */
		61AA39062CAE41680070EBFF /* Frameworks */ = {
			isa = PBXFrameworksBuildPhase;
			buildActionMask = 2147483647;
			files = (
			);
			runOnlyForDeploymentPostprocessing = 0;
		};
/* End PBXFrameworksBuildPhase section */

/* Begin PBXGroup section */
		61AA39002CAE41680070EBFF = {
			isa = PBXGroup;
			children = (
				61AA390B2CAE41680070EBFF /* re_lightningDonghae */,
				61AA390A2CAE41680070EBFF /* Products */,
			);
			sourceTree = "<group>";
		};
		61AA390A2CAE41680070EBFF /* Products */ = {
			isa = PBXGroup;
			children = (
				61AA39092CAE41680070EBFF /* re_lightningDonghae.app */,
			);
			name = Products;
			sourceTree = "<group>";
		};
		61AA390B2CAE41680070EBFF /* re_lightningDonghae */ = {
			isa = PBXGroup;
			children = (
				61AA390C2CAE41680070EBFF /* re_lightningDonghaeApp.swift */,
				61AA393E2CAE4E580070EBFF /* Tab */,
				61AA39402CAE4EDD0070EBFF /* Tourlist */,
				61AA39412CAE4F270070EBFF /* 잘 모르겠는거 담아둔곳 */,
				61AA392D2CAE47FA0070EBFF /* Login */,
				61AA39222CAE44FC0070EBFF /* SubwayMap */,
				61AA39102CAE41690070EBFF /* Assets.xcassets */,
				61AA39122CAE41690070EBFF /* Preview Content */,
			);
			path = re_lightningDonghae;
			sourceTree = "<group>";
		};
		61AA39122CAE41690070EBFF /* Preview Content */ = {
			isa = PBXGroup;
			children = (
				61AA39132CAE41690070EBFF /* Preview Assets.xcassets */,
			);
			path = "Preview Content";
			sourceTree = "<group>";
		};
		61AA39222CAE44FC0070EBFF /* SubwayMap */ = {
			isa = PBXGroup;
			children = (
				9D2170612CAE6087005E4CCB /* SubwaySchedules.swift */,
				61AA39202CAE44D90070EBFF /* SubwayMapView.swift */,
				61AA39232CAE45230070EBFF /* StationDetailView.swift */,
			);
			path = SubwayMap;
			sourceTree = "<group>";
		};
		61AA392D2CAE47FA0070EBFF /* Login */ = {
			isa = PBXGroup;
			children = (
				61AA392E2CAE480A0070EBFF /* LoginView.swift */,
				61AA39302CAE481D0070EBFF /* CreateAccountView.swift */,
				61AA39342CAE49AA0070EBFF /* AILottiView.swift */,
			);
			path = Login;
			sourceTree = "<group>";
		};
		61AA393E2CAE4E580070EBFF /* Tab */ = {
			isa = PBXGroup;
			children = (
				61AA39252CAE45990070EBFF /* MyPageView.swift */,
				61AA391E2CAE44760070EBFF /* TabBarView.swift */,
				61AA393F2CAE4E820070EBFF /* MainHome */,
			);
			path = Tab;
			sourceTree = "<group>";
		};
		61AA393F2CAE4E820070EBFF /* MainHome */ = {
			isa = PBXGroup;
			children = (
				9D2170652CAE6D62005E4CCB /* AnswerView.swift */,
				61AA391A2CAE44160070EBFF /* MainView.swift */,
				61AA39272CAE46FD0070EBFF /* StampMapView.swift */,
				61AA39362CAE4A3C0070EBFF /* SelectArrivalStation.swift */,
				61AA39322CAE497E0070EBFF /* SelectLifeStyleView.swift */,
				61AA39442CAE70A80070EBFF /* ResultOfStationSelection.swift */,
			);
			path = MainHome;
			sourceTree = "<group>";
		};
		61AA39402CAE4EDD0070EBFF /* Tourlist */ = {
			isa = PBXGroup;
			children = (
				61AA392B2CAE473F0070EBFF /* TourListView.swift */,
				61AA39292CAE472B0070EBFF /* TourlistInfo.swift */,
				61AA393C2CAE4C590070EBFF /* TourlistSpotCard.swift */,
				61AA391C2CAE44310070EBFF /* TodayRecommendedCard.swift */,
			);
			path = Tourlist;
			sourceTree = "<group>";
		};
		61AA39412CAE4F270070EBFF /* 잘 모르겠는거 담아둔곳 */ = {
			isa = PBXGroup;
			children = (
				61AA393A2CAE4B5A0070EBFF /* SearchView.swift */,
				61AA39382CAE4B140070EBFF /* StationView.swift */,
			);
			name = "잘 모르겠는거 담아둔곳";
			path = "잘 모르겠는거 담아둔곳";
			sourceTree = "<group>";
		};
/* End PBXGroup section */

/* Begin PBXNativeTarget section */
		61AA39082CAE41680070EBFF /* re_lightningDonghae */ = {
			isa = PBXNativeTarget;
			buildConfigurationList = 61AA39172CAE41690070EBFF /* Build configuration list for PBXNativeTarget "re_lightningDonghae" */;
			buildPhases = (
				61AA39052CAE41680070EBFF /* Sources */,
				61AA39062CAE41680070EBFF /* Frameworks */,
				61AA39072CAE41680070EBFF /* Resources */,
			);
			buildRules = (
			);
			dependencies = (
			);
			name = re_lightningDonghae;
			productName = re_lightningDonghae;
			productReference = 61AA39092CAE41680070EBFF /* re_lightningDonghae.app */;
			productType = "com.apple.product-type.application";
		};
/* End PBXNativeTarget section */

/* Begin PBXProject section */
		61AA39012CAE41680070EBFF /* Project object */ = {
			isa = PBXProject;
			attributes = {
				BuildIndependentTargetsInParallel = 1;
				LastSwiftUpdateCheck = 1540;
				LastUpgradeCheck = 1540;
				TargetAttributes = {
					61AA39082CAE41680070EBFF = {
						CreatedOnToolsVersion = 15.4;
					};
				};
			};
			buildConfigurationList = 61AA39042CAE41680070EBFF /* Build configuration list for PBXProject "re_lightningDonghae" */;
			compatibilityVersion = "Xcode 14.0";
			developmentRegion = en;
			hasScannedForEncodings = 0;
			knownRegions = (
				en,
				Base,
			);
			mainGroup = 61AA39002CAE41680070EBFF;
			productRefGroup = 61AA390A2CAE41680070EBFF /* Products */;
			projectDirPath = "";
			projectRoot = "";
			targets = (
				61AA39082CAE41680070EBFF /* re_lightningDonghae */,
			);
		};
/* End PBXProject section */

/* Begin PBXResourcesBuildPhase section */
		61AA39072CAE41680070EBFF /* Resources */ = {
			isa = PBXResourcesBuildPhase;
			buildActionMask = 2147483647;
			files = (
				61AA39142CAE41690070EBFF /* Preview Assets.xcassets in Resources */,
				61AA39112CAE41690070EBFF /* Assets.xcassets in Resources */,
			);
			runOnlyForDeploymentPostprocessing = 0;
		};
/* End PBXResourcesBuildPhase section */

/* Begin PBXSourcesBuildPhase section */
		61AA39052CAE41680070EBFF /* Sources */ = {
			isa = PBXSourcesBuildPhase;
			buildActionMask = 2147483647;
			files = (
				61AA39332CAE497E0070EBFF /* SelectLifeStyleView.swift in Sources */,
				61AA39212CAE44D90070EBFF /* SubwayMapView.swift in Sources */,
				9D2170662CAE6D6F005E4CCB /* AnswerView.swift in Sources */,
				61AA39262CAE45990070EBFF /* MyPageView.swift in Sources */,
				61AA39352CAE49AA0070EBFF /* AILottiView.swift in Sources */,
				61AA391F2CAE44760070EBFF /* TabBarView.swift in Sources */,
				61AA39282CAE46FD0070EBFF /* StampMapView.swift in Sources */,
				61AA39392CAE4B140070EBFF /* StationView.swift in Sources */,
				61AA391B2CAE44160070EBFF /* MainView.swift in Sources */,
				61AA39372CAE4A3C0070EBFF /* SelectArrivalStation.swift in Sources */,
				61AA39452CAE70A80070EBFF /* ResultOfStationSelection.swift in Sources */,
				61AA393B2CAE4B5A0070EBFF /* SearchView.swift in Sources */,
				61AA39312CAE481D0070EBFF /* CreateAccountView.swift in Sources */,
				61AA392F2CAE480A0070EBFF /* LoginView.swift in Sources */,
				61AA390D2CAE41680070EBFF /* re_lightningDonghaeApp.swift in Sources */,
				61AA392A2CAE472B0070EBFF /* TourlistInfo.swift in Sources */,
				61AA391D2CAE44310070EBFF /* TodayRecommendedCard.swift in Sources */,
				9D2170622CAE6099005E4CCB /* SubwaySchedules.swift in Sources */,
				61AA39242CAE45230070EBFF /* StationDetailView.swift in Sources */,
				61AA392C2CAE473F0070EBFF /* TourListView.swift in Sources */,
				61AA393D2CAE4C590070EBFF /* TourlistSpotCard.swift in Sources */,
			);
			runOnlyForDeploymentPostprocessing = 0;
		};
/* End PBXSourcesBuildPhase section */

/* Begin XCBuildConfiguration section */
		61AA39152CAE41690070EBFF /* Debug */ = {
			isa = XCBuildConfiguration;
			buildSettings = {
				ALWAYS_SEARCH_USER_PATHS = NO;
				ASSETCATALOG_COMPILER_GENERATE_SWIFT_ASSET_SYMBOL_EXTENSIONS = YES;
				CLANG_ANALYZER_NONNULL = YES;
				CLANG_ANALYZER_NUMBER_OBJECT_CONVERSION = YES_AGGRESSIVE;
				CLANG_CXX_LANGUAGE_STANDARD = "gnu++20";
				CLANG_ENABLE_MODULES = YES;
				CLANG_ENABLE_OBJC_ARC = YES;
				CLANG_ENABLE_OBJC_WEAK = YES;
				CLANG_WARN_BLOCK_CAPTURE_AUTORELEASING = YES;
				CLANG_WARN_BOOL_CONVERSION = YES;
				CLANG_WARN_COMMA = YES;
				CLANG_WARN_CONSTANT_CONVERSION = YES;
				CLANG_WARN_DEPRECATED_OBJC_IMPLEMENTATIONS = YES;
				CLANG_WARN_DIRECT_OBJC_ISA_USAGE = YES_ERROR;
				CLANG_WARN_DOCUMENTATION_COMMENTS = YES;
				CLANG_WARN_EMPTY_BODY = YES;
				CLANG_WARN_ENUM_CONVERSION = YES;
				CLANG_WARN_INFINITE_RECURSION = YES;
				CLANG_WARN_INT_CONVERSION = YES;
				CLANG_WARN_NON_LITERAL_NULL_CONVERSION = YES;
				CLANG_WARN_OBJC_IMPLICIT_RETAIN_SELF = YES;
				CLANG_WARN_OBJC_LITERAL_CONVERSION = YES;
				CLANG_WARN_OBJC_ROOT_CLASS = YES_ERROR;
				CLANG_WARN_QUOTED_INCLUDE_IN_FRAMEWORK_HEADER = YES;
				CLANG_WARN_RANGE_LOOP_ANALYSIS = YES;
				CLANG_WARN_STRICT_PROTOTYPES = YES;
				CLANG_WARN_SUSPICIOUS_MOVE = YES;
				CLANG_WARN_UNGUARDED_AVAILABILITY = YES_AGGRESSIVE;
				CLANG_WARN_UNREACHABLE_CODE = YES;
				CLANG_WARN__DUPLICATE_METHOD_MATCH = YES;
				COPY_PHASE_STRIP = NO;
				DEBUG_INFORMATION_FORMAT = dwarf;
				ENABLE_STRICT_OBJC_MSGSEND = YES;
				ENABLE_TESTABILITY = YES;
				ENABLE_USER_SCRIPT_SANDBOXING = YES;
				GCC_C_LANGUAGE_STANDARD = gnu17;
				GCC_DYNAMIC_NO_PIC = NO;
				GCC_NO_COMMON_BLOCKS = YES;
				GCC_OPTIMIZATION_LEVEL = 0;
				GCC_PREPROCESSOR_DEFINITIONS = (
					"DEBUG=1",
					"$(inherited)",
				);
				GCC_WARN_64_TO_32_BIT_CONVERSION = YES;
				GCC_WARN_ABOUT_RETURN_TYPE = YES_ERROR;
				GCC_WARN_UNDECLARED_SELECTOR = YES;
				GCC_WARN_UNINITIALIZED_AUTOS = YES_AGGRESSIVE;
				GCC_WARN_UNUSED_FUNCTION = YES;
				GCC_WARN_UNUSED_VARIABLE = YES;
				IPHONEOS_DEPLOYMENT_TARGET = 17.5;
				LOCALIZATION_PREFERS_STRING_CATALOGS = YES;
				MTL_ENABLE_DEBUG_INFO = INCLUDE_SOURCE;
				MTL_FAST_MATH = YES;
				ONLY_ACTIVE_ARCH = YES;
				SDKROOT = iphoneos;
				SWIFT_ACTIVE_COMPILATION_CONDITIONS = "DEBUG $(inherited)";
				SWIFT_OPTIMIZATION_LEVEL = "-Onone";
			};
			name = Debug;
		};
		61AA39162CAE41690070EBFF /* Release */ = {
			isa = XCBuildConfiguration;
			buildSettings = {
				ALWAYS_SEARCH_USER_PATHS = NO;
				ASSETCATALOG_COMPILER_GENERATE_SWIFT_ASSET_SYMBOL_EXTENSIONS = YES;
				CLANG_ANALYZER_NONNULL = YES;
				CLANG_ANALYZER_NUMBER_OBJECT_CONVERSION = YES_AGGRESSIVE;
				CLANG_CXX_LANGUAGE_STANDARD = "gnu++20";
				CLANG_ENABLE_MODULES = YES;
				CLANG_ENABLE_OBJC_ARC = YES;
				CLANG_ENABLE_OBJC_WEAK = YES;
				CLANG_WARN_BLOCK_CAPTURE_AUTORELEASING = YES;
				CLANG_WARN_BOOL_CONVERSION = YES;
				CLANG_WARN_COMMA = YES;
				CLANG_WARN_CONSTANT_CONVERSION = YES;
				CLANG_WARN_DEPRECATED_OBJC_IMPLEMENTATIONS = YES;
				CLANG_WARN_DIRECT_OBJC_ISA_USAGE = YES_ERROR;
				CLANG_WARN_DOCUMENTATION_COMMENTS = YES;
				CLANG_WARN_EMPTY_BODY = YES;
				CLANG_WARN_ENUM_CONVERSION = YES;
				CLANG_WARN_INFINITE_RECURSION = YES;
				CLANG_WARN_INT_CONVERSION = YES;
				CLANG_WARN_NON_LITERAL_NULL_CONVERSION = YES;
				CLANG_WARN_OBJC_IMPLICIT_RETAIN_SELF = YES;
				CLANG_WARN_OBJC_LITERAL_CONVERSION = YES;
				CLANG_WARN_OBJC_ROOT_CLASS = YES_ERROR;
				CLANG_WARN_QUOTED_INCLUDE_IN_FRAMEWORK_HEADER = YES;
				CLANG_WARN_RANGE_LOOP_ANALYSIS = YES;
				CLANG_WARN_STRICT_PROTOTYPES = YES;
				CLANG_WARN_SUSPICIOUS_MOVE = YES;
				CLANG_WARN_UNGUARDED_AVAILABILITY = YES_AGGRESSIVE;
				CLANG_WARN_UNREACHABLE_CODE = YES;
				CLANG_WARN__DUPLICATE_METHOD_MATCH = YES;
				COPY_PHASE_STRIP = NO;
				DEBUG_INFORMATION_FORMAT = "dwarf-with-dsym";
				ENABLE_NS_ASSERTIONS = NO;
				ENABLE_STRICT_OBJC_MSGSEND = YES;
				ENABLE_USER_SCRIPT_SANDBOXING = YES;
				GCC_C_LANGUAGE_STANDARD = gnu17;
				GCC_NO_COMMON_BLOCKS = YES;
				GCC_WARN_64_TO_32_BIT_CONVERSION = YES;
				GCC_WARN_ABOUT_RETURN_TYPE = YES_ERROR;
				GCC_WARN_UNDECLARED_SELECTOR = YES;
				GCC_WARN_UNINITIALIZED_AUTOS = YES_AGGRESSIVE;
				GCC_WARN_UNUSED_FUNCTION = YES;
				GCC_WARN_UNUSED_VARIABLE = YES;
				IPHONEOS_DEPLOYMENT_TARGET = 17.5;
				LOCALIZATION_PREFERS_STRING_CATALOGS = YES;
				MTL_ENABLE_DEBUG_INFO = NO;
				MTL_FAST_MATH = YES;
				SDKROOT = iphoneos;
				SWIFT_COMPILATION_MODE = wholemodule;
				VALIDATE_PRODUCT = YES;
			};
			name = Release;
		};
		61AA39182CAE41690070EBFF /* Debug */ = {
			isa = XCBuildConfiguration;
			buildSettings = {
				ASSETCATALOG_COMPILER_APPICON_NAME = AppIcon;
				ASSETCATALOG_COMPILER_GLOBAL_ACCENT_COLOR_NAME = AccentColor;
				CODE_SIGN_STYLE = Automatic;
				CURRENT_PROJECT_VERSION = 1;
				DEVELOPMENT_ASSET_PATHS = "\"re_lightningDonghae/Preview Content\"";
				DEVELOPMENT_TEAM = TA9TKWGKS3;
				ENABLE_PREVIEWS = YES;
				GENERATE_INFOPLIST_FILE = YES;
				INFOPLIST_KEY_UIApplicationSceneManifest_Generation = YES;
				INFOPLIST_KEY_UIApplicationSupportsIndirectInputEvents = YES;
				INFOPLIST_KEY_UILaunchScreen_Generation = YES;
				INFOPLIST_KEY_UISupportedInterfaceOrientations_iPad = "UIInterfaceOrientationPortrait UIInterfaceOrientationPortraitUpsideDown UIInterfaceOrientationLandscapeLeft UIInterfaceOrientationLandscapeRight";
				INFOPLIST_KEY_UISupportedInterfaceOrientations_iPhone = "UIInterfaceOrientationPortrait UIInterfaceOrientationLandscapeLeft UIInterfaceOrientationLandscapeRight";
				LD_RUNPATH_SEARCH_PATHS = (
					"$(inherited)",
					"@executable_path/Frameworks",
				);
				MARKETING_VERSION = 1.0;
				PRODUCT_BUNDLE_IDENTIFIER = "com.Vacation.Trudy.re-lightningDonghae";
				PRODUCT_NAME = "$(TARGET_NAME)";
				SWIFT_EMIT_LOC_STRINGS = YES;
				SWIFT_VERSION = 5.0;
				TARGETED_DEVICE_FAMILY = "1,2";
			};
			name = Debug;
		};
		61AA39192CAE41690070EBFF /* Release */ = {
			isa = XCBuildConfiguration;
			buildSettings = {
				ASSETCATALOG_COMPILER_APPICON_NAME = AppIcon;
				ASSETCATALOG_COMPILER_GLOBAL_ACCENT_COLOR_NAME = AccentColor;
				CODE_SIGN_STYLE = Automatic;
				CURRENT_PROJECT_VERSION = 1;
				DEVELOPMENT_ASSET_PATHS = "\"re_lightningDonghae/Preview Content\"";
				DEVELOPMENT_TEAM = TA9TKWGKS3;
				ENABLE_PREVIEWS = YES;
				GENERATE_INFOPLIST_FILE = YES;
				INFOPLIST_KEY_UIApplicationSceneManifest_Generation = YES;
				INFOPLIST_KEY_UIApplicationSupportsIndirectInputEvents = YES;
				INFOPLIST_KEY_UILaunchScreen_Generation = YES;
				INFOPLIST_KEY_UISupportedInterfaceOrientations_iPad = "UIInterfaceOrientationPortrait UIInterfaceOrientationPortraitUpsideDown UIInterfaceOrientationLandscapeLeft UIInterfaceOrientationLandscapeRight";
				INFOPLIST_KEY_UISupportedInterfaceOrientations_iPhone = "UIInterfaceOrientationPortrait UIInterfaceOrientationLandscapeLeft UIInterfaceOrientationLandscapeRight";
				LD_RUNPATH_SEARCH_PATHS = (
					"$(inherited)",
					"@executable_path/Frameworks",
				);
				MARKETING_VERSION = 1.0;
				PRODUCT_BUNDLE_IDENTIFIER = "com.Vacation.Trudy.re-lightningDonghae";
				PRODUCT_NAME = "$(TARGET_NAME)";
				SWIFT_EMIT_LOC_STRINGS = YES;
				SWIFT_VERSION = 5.0;
				TARGETED_DEVICE_FAMILY = "1,2";
			};
			name = Release;
		};
/* End XCBuildConfiguration section */

/* Begin XCConfigurationList section */
		61AA39042CAE41680070EBFF /* Build configuration list for PBXProject "re_lightningDonghae" */ = {
			isa = XCConfigurationList;
			buildConfigurations = (
				61AA39152CAE41690070EBFF /* Debug */,
				61AA39162CAE41690070EBFF /* Release */,
			);
			defaultConfigurationIsVisible = 0;
			defaultConfigurationName = Release;
		};
		61AA39172CAE41690070EBFF /* Build configuration list for PBXNativeTarget "re_lightningDonghae" */ = {
			isa = XCConfigurationList;
			buildConfigurations = (
				61AA39182CAE41690070EBFF /* Debug */,
				61AA39192CAE41690070EBFF /* Release */,
			);
			defaultConfigurationIsVisible = 0;
			defaultConfigurationName = Release;
		};
/* End XCConfigurationList section */
	};
	rootObject = 61AA39012CAE41680070EBFF /* Project object */;
}
