// !$*UTF8*$!
{
	archiveVersion = 1;
	classes = {
	};
	objectVersion = 56;
	objects = {

/* Begin PBXBuildFile section */
		610275BE2CB158450081E6A9 /* KakaoMapsSDK-SPM in Frameworks */ = {isa = PBXBuildFile; productRef = 610275BD2CB158450081E6A9 /* KakaoMapsSDK-SPM */; };
		610275C72CB179550081E6A9 /* LocationModel.swift in Sources */ = {isa = PBXBuildFile; fileRef = 610275C62CB179550081E6A9 /* LocationModel.swift */; };
		61A10C5B2CB150A500CA1911 /* GoogleService-Info.plist in Resources */ = {isa = PBXBuildFile; fileRef = 61A10C5A2CB150A500CA1911 /* GoogleService-Info.plist */; };
		61AA390D2CAE41680070EBFF /* re_lightningDonghaeApp.swift in Sources */ = {isa = PBXBuildFile; fileRef = 61AA390C2CAE41680070EBFF /* re_lightningDonghaeApp.swift */; };
		61AA39112CAE41690070EBFF /* Assets.xcassets in Resources */ = {isa = PBXBuildFile; fileRef = 61AA39102CAE41690070EBFF /* Assets.xcassets */; };
		61AA39142CAE41690070EBFF /* Preview Assets.xcassets in Resources */ = {isa = PBXBuildFile; fileRef = 61AA39132CAE41690070EBFF /* Preview Assets.xcassets */; };
		61AA391B2CAE44160070EBFF /* MainView.swift in Sources */ = {isa = PBXBuildFile; fileRef = 61AA391A2CAE44160070EBFF /* MainView.swift */; };
		61AA391D2CAE44310070EBFF /* TodayRecommendedCard.swift in Sources */ = {isa = PBXBuildFile; fileRef = 61AA391C2CAE44310070EBFF /* TodayRecommendedCard.swift */; };
		61AA391F2CAE44760070EBFF /* TabBarView.swift in Sources */ = {isa = PBXBuildFile; fileRef = 61AA391E2CAE44760070EBFF /* TabBarView.swift */; };
		61AA39212CAE44D90070EBFF /* SubwayMapView.swift in Sources */ = {isa = PBXBuildFile; fileRef = 61AA39202CAE44D90070EBFF /* SubwayMapView.swift */; };
		61AA39242CAE45230070EBFF /* StationDetailView.swift in Sources */ = {isa = PBXBuildFile; fileRef = 61AA39232CAE45230070EBFF /* StationDetailView.swift */; };
		61AA39262CAE45990070EBFF /* MyPageView.swift in Sources */ = {isa = PBXBuildFile; fileRef = 61AA39252CAE45990070EBFF /* MyPageView.swift */; };
		61AA39282CAE46FD0070EBFF /* StampMapView.swift in Sources */ = {isa = PBXBuildFile; fileRef = 61AA39272CAE46FD0070EBFF /* StampMapView.swift */; };
		61AA392A2CAE472B0070EBFF /* TourlistInfo.swift in Sources */ = {isa = PBXBuildFile; fileRef = 61AA39292CAE472B0070EBFF /* TourlistInfo.swift */; };
		61AA392C2CAE473F0070EBFF /* TourListView.swift in Sources */ = {isa = PBXBuildFile; fileRef = 61AA392B2CAE473F0070EBFF /* TourListView.swift */; };
		61AA392F2CAE480A0070EBFF /* LoginView.swift in Sources */ = {isa = PBXBuildFile; fileRef = 61AA392E2CAE480A0070EBFF /* LoginView.swift */; };
		61AA39312CAE481D0070EBFF /* CreateAccountView.swift in Sources */ = {isa = PBXBuildFile; fileRef = 61AA39302CAE481D0070EBFF /* CreateAccountView.swift */; };
		61AA39332CAE497E0070EBFF /* SelectLifeStyleView.swift in Sources */ = {isa = PBXBuildFile; fileRef = 61AA39322CAE497E0070EBFF /* SelectLifeStyleView.swift */; };
		61AA39352CAE49AA0070EBFF /* AILottiView.swift in Sources */ = {isa = PBXBuildFile; fileRef = 61AA39342CAE49AA0070EBFF /* AILottiView.swift */; };
		61AA39372CAE4A3C0070EBFF /* SelectArrivalStation.swift in Sources */ = {isa = PBXBuildFile; fileRef = 61AA39362CAE4A3C0070EBFF /* SelectArrivalStation.swift */; };
		61AA39392CAE4B140070EBFF /* StationView.swift in Sources */ = {isa = PBXBuildFile; fileRef = 61AA39382CAE4B140070EBFF /* StationView.swift */; };
		61AA393B2CAE4B5A0070EBFF /* SearchView.swift in Sources */ = {isa = PBXBuildFile; fileRef = 61AA393A2CAE4B5A0070EBFF /* SearchView.swift */; };
		61AA393D2CAE4C590070EBFF /* TourlistSpotCard.swift in Sources */ = {isa = PBXBuildFile; fileRef = 61AA393C2CAE4C590070EBFF /* TourlistSpotCard.swift */; };
		61AA39452CAE70A80070EBFF /* ResultOfStationSelection.swift in Sources */ = {isa = PBXBuildFile; fileRef = 61AA39442CAE70A80070EBFF /* ResultOfStationSelection.swift */; };
		61AA39632CAE9EF20070EBFF /* StampView.swift in Sources */ = {isa = PBXBuildFile; fileRef = 61AA39622CAE9EF20070EBFF /* StampView.swift */; };
		61AA39682CAEB7B60070EBFF /* UserDefaults.swift in Sources */ = {isa = PBXBuildFile; fileRef = 61AA39672CAEB7B60070EBFF /* UserDefaults.swift */; };
		9D2170622CAE6099005E4CCB /* SubwaySchedules.swift in Sources */ = {isa = PBXBuildFile; fileRef = 9D2170612CAE6087005E4CCB /* SubwaySchedules.swift */; };
		9D2170662CAE6D6F005E4CCB /* AnswerView.swift in Sources */ = {isa = PBXBuildFile; fileRef = 9D2170652CAE6D62005E4CCB /* AnswerView.swift */; };
		9D2170692CAE980C005E4CCB /* FindroadView.swift in Sources */ = {isa = PBXBuildFile; fileRef = 9D2170682CAE97A0005E4CCB /* FindroadView.swift */; };
		9D21706B2CAE9E1C005E4CCB /* DirectionsView.swift in Sources */ = {isa = PBXBuildFile; fileRef = 9D21706A2CAE9E01005E4CCB /* DirectionsView.swift */; };
		9D21706D2CAE9F3D005E4CCB /* locationmanager.swift in Sources */ = {isa = PBXBuildFile; fileRef = 9D21706C2CAE9F36005E4CCB /* locationmanager.swift */; };
		9D2170752CAEC484005E4CCB /* FirebaseAnalytics in Frameworks */ = {isa = PBXBuildFile; productRef = 9D2170742CAEC484005E4CCB /* FirebaseAnalytics */; };
		9D2170772CAEC484005E4CCB /* FirebaseAnalyticsOnDeviceConversion in Frameworks */ = {isa = PBXBuildFile; productRef = 9D2170762CAEC484005E4CCB /* FirebaseAnalyticsOnDeviceConversion */; };
		9D2170792CAEC484005E4CCB /* FirebaseAnalyticsWithoutAdIdSupport in Frameworks */ = {isa = PBXBuildFile; productRef = 9D2170782CAEC484005E4CCB /* FirebaseAnalyticsWithoutAdIdSupport */; };
		9D21707B2CAEC484005E4CCB /* FirebaseAppCheck in Frameworks */ = {isa = PBXBuildFile; productRef = 9D21707A2CAEC484005E4CCB /* FirebaseAppCheck */; };
		9D21707D2CAEC484005E4CCB /* FirebaseAppDistribution-Beta in Frameworks */ = {isa = PBXBuildFile; productRef = 9D21707C2CAEC484005E4CCB /* FirebaseAppDistribution-Beta */; };
		9D21707F2CAEC484005E4CCB /* FirebaseAuth in Frameworks */ = {isa = PBXBuildFile; productRef = 9D21707E2CAEC484005E4CCB /* FirebaseAuth */; };
		9D2170812CAEC484005E4CCB /* FirebaseAuthCombine-Community in Frameworks */ = {isa = PBXBuildFile; productRef = 9D2170802CAEC484005E4CCB /* FirebaseAuthCombine-Community */; };
		9D2170832CAEC484005E4CCB /* FirebaseCore in Frameworks */ = {isa = PBXBuildFile; productRef = 9D2170822CAEC484005E4CCB /* FirebaseCore */; };
		9D2170852CAEC484005E4CCB /* FirebaseCrashlytics in Frameworks */ = {isa = PBXBuildFile; productRef = 9D2170842CAEC484005E4CCB /* FirebaseCrashlytics */; };
		9D2170872CAEC484005E4CCB /* FirebaseDatabase in Frameworks */ = {isa = PBXBuildFile; productRef = 9D2170862CAEC484005E4CCB /* FirebaseDatabase */; };
		9D2170892CAEC484005E4CCB /* FirebaseDynamicLinks in Frameworks */ = {isa = PBXBuildFile; productRef = 9D2170882CAEC484005E4CCB /* FirebaseDynamicLinks */; };
		9D21708B2CAEC484005E4CCB /* FirebaseFirestore in Frameworks */ = {isa = PBXBuildFile; productRef = 9D21708A2CAEC484005E4CCB /* FirebaseFirestore */; };
		9D21708D2CAEC484005E4CCB /* FirebaseFirestoreCombine-Community in Frameworks */ = {isa = PBXBuildFile; productRef = 9D21708C2CAEC484005E4CCB /* FirebaseFirestoreCombine-Community */; };
		9D21708F2CAEC484005E4CCB /* FirebaseFunctions in Frameworks */ = {isa = PBXBuildFile; productRef = 9D21708E2CAEC484005E4CCB /* FirebaseFunctions */; };
		9D2170912CAEC484005E4CCB /* FirebaseFunctionsCombine-Community in Frameworks */ = {isa = PBXBuildFile; productRef = 9D2170902CAEC484005E4CCB /* FirebaseFunctionsCombine-Community */; };
		9D2170932CAEC484005E4CCB /* FirebaseInAppMessaging-Beta in Frameworks */ = {isa = PBXBuildFile; productRef = 9D2170922CAEC484005E4CCB /* FirebaseInAppMessaging-Beta */; };
		9D2170952CAEC484005E4CCB /* FirebaseInstallations in Frameworks */ = {isa = PBXBuildFile; productRef = 9D2170942CAEC484005E4CCB /* FirebaseInstallations */; };
		9D2170972CAEC484005E4CCB /* FirebaseMessaging in Frameworks */ = {isa = PBXBuildFile; productRef = 9D2170962CAEC484005E4CCB /* FirebaseMessaging */; };
		9D2170992CAEC484005E4CCB /* FirebaseMLModelDownloader in Frameworks */ = {isa = PBXBuildFile; productRef = 9D2170982CAEC484005E4CCB /* FirebaseMLModelDownloader */; };
		9D21709B2CAEC484005E4CCB /* FirebasePerformance in Frameworks */ = {isa = PBXBuildFile; productRef = 9D21709A2CAEC484005E4CCB /* FirebasePerformance */; };
		9D21709D2CAEC484005E4CCB /* FirebaseRemoteConfig in Frameworks */ = {isa = PBXBuildFile; productRef = 9D21709C2CAEC484005E4CCB /* FirebaseRemoteConfig */; };
		9D21709F2CAEC484005E4CCB /* FirebaseStorage in Frameworks */ = {isa = PBXBuildFile; productRef = 9D21709E2CAEC484005E4CCB /* FirebaseStorage */; };
		9D2170A12CAEC484005E4CCB /* FirebaseStorageCombine-Community in Frameworks */ = {isa = PBXBuildFile; productRef = 9D2170A02CAEC484005E4CCB /* FirebaseStorageCombine-Community */; };
		9D2170A32CAEC484005E4CCB /* FirebaseVertexAI-Preview in Frameworks */ = {isa = PBXBuildFile; productRef = 9D2170A22CAEC484005E4CCB /* FirebaseVertexAI-Preview */; };
		9D2170A72CAEDFA3005E4CCB /* SignupView.swift in Sources */ = {isa = PBXBuildFile; fileRef = 9D2170A62CAEDF98005E4CCB /* SignupView.swift */; };
		9D9F1CD02CB038F9008DFA0C /* Popup.swift in Sources */ = {isa = PBXBuildFile; fileRef = 9D9F1CCF2CB038EB008DFA0C /* Popup.swift */; };
		9D9F1CD22CB03927008DFA0C /* Visited.swift in Sources */ = {isa = PBXBuildFile; fileRef = 9D9F1CD12CB03915008DFA0C /* Visited.swift */; };
		9D9F1CD42CB03975008DFA0C /* Corelocation.swift in Sources */ = {isa = PBXBuildFile; fileRef = 9D9F1CD32CB0396D008DFA0C /* Corelocation.swift */; };
/* End PBXBuildFile section */

/* Begin PBXCopyFilesBuildPhase section */
		610275C42CB15A9D0081E6A9 /* Embed Frameworks */ = {
			isa = PBXCopyFilesBuildPhase;
			buildActionMask = 2147483647;
			dstPath = "";
			dstSubfolderSpec = 10;
			files = (
			);
			name = "Embed Frameworks";
			runOnlyForDeploymentPostprocessing = 0;
		};
/* End PBXCopyFilesBuildPhase section */

/* Begin PBXFileReference section */
		610275C62CB179550081E6A9 /* LocationModel.swift */ = {isa = PBXFileReference; lastKnownFileType = sourcecode.swift; path = LocationModel.swift; sourceTree = "<group>"; };
		61A10C5A2CB150A500CA1911 /* GoogleService-Info.plist */ = {isa = PBXFileReference; fileEncoding = 4; lastKnownFileType = text.plist.xml; name = "GoogleService-Info.plist"; path = "../../../../Downloads/GoogleService-Info.plist"; sourceTree = "<group>"; };
		61AA39092CAE41680070EBFF /* re_lightningDonghae.app */ = {isa = PBXFileReference; explicitFileType = wrapper.application; includeInIndex = 0; path = re_lightningDonghae.app; sourceTree = BUILT_PRODUCTS_DIR; };
		61AA390C2CAE41680070EBFF /* re_lightningDonghaeApp.swift */ = {isa = PBXFileReference; lastKnownFileType = sourcecode.swift; path = re_lightningDonghaeApp.swift; sourceTree = "<group>"; };
		61AA39102CAE41690070EBFF /* Assets.xcassets */ = {isa = PBXFileReference; lastKnownFileType = folder.assetcatalog; path = Assets.xcassets; sourceTree = "<group>"; };
		61AA39132CAE41690070EBFF /* Preview Assets.xcassets */ = {isa = PBXFileReference; lastKnownFileType = folder.assetcatalog; path = "Preview Assets.xcassets"; sourceTree = "<group>"; };
		61AA391A2CAE44160070EBFF /* MainView.swift */ = {isa = PBXFileReference; lastKnownFileType = sourcecode.swift; path = MainView.swift; sourceTree = "<group>"; };
		61AA391C2CAE44310070EBFF /* TodayRecommendedCard.swift */ = {isa = PBXFileReference; lastKnownFileType = sourcecode.swift; path = TodayRecommendedCard.swift; sourceTree = "<group>"; };
		61AA391E2CAE44760070EBFF /* TabBarView.swift */ = {isa = PBXFileReference; lastKnownFileType = sourcecode.swift; path = TabBarView.swift; sourceTree = "<group>"; };
		61AA39202CAE44D90070EBFF /* SubwayMapView.swift */ = {isa = PBXFileReference; lastKnownFileType = sourcecode.swift; path = SubwayMapView.swift; sourceTree = "<group>"; };
		61AA39232CAE45230070EBFF /* StationDetailView.swift */ = {isa = PBXFileReference; lastKnownFileType = sourcecode.swift; path = StationDetailView.swift; sourceTree = "<group>"; };
		61AA39252CAE45990070EBFF /* MyPageView.swift */ = {isa = PBXFileReference; lastKnownFileType = sourcecode.swift; path = MyPageView.swift; sourceTree = "<group>"; };
		61AA39272CAE46FD0070EBFF /* StampMapView.swift */ = {isa = PBXFileReference; lastKnownFileType = sourcecode.swift; path = StampMapView.swift; sourceTree = "<group>"; };
		61AA39292CAE472B0070EBFF /* TourlistInfo.swift */ = {isa = PBXFileReference; lastKnownFileType = sourcecode.swift; path = TourlistInfo.swift; sourceTree = "<group>"; };
		61AA392B2CAE473F0070EBFF /* TourListView.swift */ = {isa = PBXFileReference; lastKnownFileType = sourcecode.swift; path = TourListView.swift; sourceTree = "<group>"; };
		61AA392E2CAE480A0070EBFF /* LoginView.swift */ = {isa = PBXFileReference; lastKnownFileType = sourcecode.swift; path = LoginView.swift; sourceTree = "<group>"; };
		61AA39302CAE481D0070EBFF /* CreateAccountView.swift */ = {isa = PBXFileReference; lastKnownFileType = sourcecode.swift; path = CreateAccountView.swift; sourceTree = "<group>"; };
		61AA39322CAE497E0070EBFF /* SelectLifeStyleView.swift */ = {isa = PBXFileReference; lastKnownFileType = sourcecode.swift; path = SelectLifeStyleView.swift; sourceTree = "<group>"; };
		61AA39342CAE49AA0070EBFF /* AILottiView.swift */ = {isa = PBXFileReference; lastKnownFileType = sourcecode.swift; path = AILottiView.swift; sourceTree = "<group>"; };
		61AA39362CAE4A3C0070EBFF /* SelectArrivalStation.swift */ = {isa = PBXFileReference; lastKnownFileType = sourcecode.swift; path = SelectArrivalStation.swift; sourceTree = "<group>"; };
		61AA39382CAE4B140070EBFF /* StationView.swift */ = {isa = PBXFileReference; lastKnownFileType = sourcecode.swift; path = StationView.swift; sourceTree = "<group>"; };
		61AA393A2CAE4B5A0070EBFF /* SearchView.swift */ = {isa = PBXFileReference; lastKnownFileType = sourcecode.swift; path = SearchView.swift; sourceTree = "<group>"; };
		61AA393C2CAE4C590070EBFF /* TourlistSpotCard.swift */ = {isa = PBXFileReference; lastKnownFileType = sourcecode.swift; path = TourlistSpotCard.swift; sourceTree = "<group>"; };
		61AA39442CAE70A80070EBFF /* ResultOfStationSelection.swift */ = {isa = PBXFileReference; lastKnownFileType = sourcecode.swift; path = ResultOfStationSelection.swift; sourceTree = "<group>"; };
		61AA39622CAE9EF20070EBFF /* StampView.swift */ = {isa = PBXFileReference; lastKnownFileType = sourcecode.swift; path = StampView.swift; sourceTree = "<group>"; };
		61AA39642CAEA0800070EBFF /* re-lightningDonghae-Info.plist */ = {isa = PBXFileReference; lastKnownFileType = text.plist; path = "re-lightningDonghae-Info.plist"; sourceTree = SOURCE_ROOT; };
		61AA39672CAEB7B60070EBFF /* UserDefaults.swift */ = {isa = PBXFileReference; lastKnownFileType = sourcecode.swift; path = UserDefaults.swift; sourceTree = "<group>"; };
		61AA39692CAEE80D0070EBFF /* re_lightningDonghae.entitlements */ = {isa = PBXFileReference; lastKnownFileType = text.plist.entitlements; path = re_lightningDonghae.entitlements; sourceTree = "<group>"; };
		9D2170612CAE6087005E4CCB /* SubwaySchedules.swift */ = {isa = PBXFileReference; lastKnownFileType = sourcecode.swift; path = SubwaySchedules.swift; sourceTree = "<group>"; };
		9D2170652CAE6D62005E4CCB /* AnswerView.swift */ = {isa = PBXFileReference; lastKnownFileType = sourcecode.swift; path = AnswerView.swift; sourceTree = "<group>"; };
		9D2170682CAE97A0005E4CCB /* FindroadView.swift */ = {isa = PBXFileReference; lastKnownFileType = sourcecode.swift; path = FindroadView.swift; sourceTree = "<group>"; };
		9D21706A2CAE9E01005E4CCB /* DirectionsView.swift */ = {isa = PBXFileReference; lastKnownFileType = sourcecode.swift; path = DirectionsView.swift; sourceTree = "<group>"; };
		9D21706C2CAE9F36005E4CCB /* locationmanager.swift */ = {isa = PBXFileReference; lastKnownFileType = sourcecode.swift; path = locationmanager.swift; sourceTree = "<group>"; };
		9D2170A42CAEC555005E4CCB /* re_lightningDonghaeRelease.entitlements */ = {isa = PBXFileReference; lastKnownFileType = text.plist.entitlements; path = re_lightningDonghaeRelease.entitlements; sourceTree = "<group>"; };
		9D2170A62CAEDF98005E4CCB /* SignupView.swift */ = {isa = PBXFileReference; lastKnownFileType = sourcecode.swift; path = SignupView.swift; sourceTree = "<group>"; };
		9D2170A82CAEF02F005E4CCB /* re_lightningDonghae.entitlements */ = {isa = PBXFileReference; lastKnownFileType = text.plist.entitlements; path = re_lightningDonghae.entitlements; sourceTree = "<group>"; };
		9D9F1CCF2CB038EB008DFA0C /* Popup.swift */ = {isa = PBXFileReference; lastKnownFileType = sourcecode.swift; path = Popup.swift; sourceTree = "<group>"; };
		9D9F1CD12CB03915008DFA0C /* Visited.swift */ = {isa = PBXFileReference; lastKnownFileType = sourcecode.swift; path = Visited.swift; sourceTree = "<group>"; };
		9D9F1CD32CB0396D008DFA0C /* Corelocation.swift */ = {isa = PBXFileReference; lastKnownFileType = sourcecode.swift; path = Corelocation.swift; sourceTree = "<group>"; };
/* End PBXFileReference section */

/* Begin PBXFrameworksBuildPhase section */
		61AA39062CAE41680070EBFF /* Frameworks */ = {
			isa = PBXFrameworksBuildPhase;
			buildActionMask = 2147483647;
			files = (
				9D2170A32CAEC484005E4CCB /* FirebaseVertexAI-Preview in Frameworks */,
				9D2170972CAEC484005E4CCB /* FirebaseMessaging in Frameworks */,
				9D21708D2CAEC484005E4CCB /* FirebaseFirestoreCombine-Community in Frameworks */,
				9D21709B2CAEC484005E4CCB /* FirebasePerformance in Frameworks */,
				9D2170A12CAEC484005E4CCB /* FirebaseStorageCombine-Community in Frameworks */,
				9D21709D2CAEC484005E4CCB /* FirebaseRemoteConfig in Frameworks */,
				9D21708F2CAEC484005E4CCB /* FirebaseFunctions in Frameworks */,
				9D2170872CAEC484005E4CCB /* FirebaseDatabase in Frameworks */,
				9D2170892CAEC484005E4CCB /* FirebaseDynamicLinks in Frameworks */,
				9D21707B2CAEC484005E4CCB /* FirebaseAppCheck in Frameworks */,
				9D21707F2CAEC484005E4CCB /* FirebaseAuth in Frameworks */,
				9D2170752CAEC484005E4CCB /* FirebaseAnalytics in Frameworks */,
				610275BE2CB158450081E6A9 /* KakaoMapsSDK-SPM in Frameworks */,
				9D21708B2CAEC484005E4CCB /* FirebaseFirestore in Frameworks */,
				9D2170952CAEC484005E4CCB /* FirebaseInstallations in Frameworks */,
				9D2170912CAEC484005E4CCB /* FirebaseFunctionsCombine-Community in Frameworks */,
				9D21707D2CAEC484005E4CCB /* FirebaseAppDistribution-Beta in Frameworks */,
				9D2170992CAEC484005E4CCB /* FirebaseMLModelDownloader in Frameworks */,
				9D2170792CAEC484005E4CCB /* FirebaseAnalyticsWithoutAdIdSupport in Frameworks */,
				9D2170932CAEC484005E4CCB /* FirebaseInAppMessaging-Beta in Frameworks */,
				9D2170812CAEC484005E4CCB /* FirebaseAuthCombine-Community in Frameworks */,
				9D2170852CAEC484005E4CCB /* FirebaseCrashlytics in Frameworks */,
				9D21709F2CAEC484005E4CCB /* FirebaseStorage in Frameworks */,
				9D2170832CAEC484005E4CCB /* FirebaseCore in Frameworks */,
				9D2170772CAEC484005E4CCB /* FirebaseAnalyticsOnDeviceConversion in Frameworks */,
			);
			runOnlyForDeploymentPostprocessing = 0;
		};
/* End PBXFrameworksBuildPhase section */

/* Begin PBXGroup section */
		610275C52CB1792F0081E6A9 /* LastOne */ = {
			isa = PBXGroup;
			children = (
				610275C62CB179550081E6A9 /* LocationModel.swift */,
			);
			path = LastOne;
			sourceTree = "<group>";
		};
		61AA39002CAE41680070EBFF = {
			isa = PBXGroup;
			children = (
				61AA390B2CAE41680070EBFF /* re_lightningDonghae */,
				9D2170732CAEC478005E4CCB /* Frameworks */,
				61AA390A2CAE41680070EBFF /* Products */,
			);
			sourceTree = "<group>";
		};
		61AA390A2CAE41680070EBFF /* Products */ = {
			isa = PBXGroup;
			children = (
				61AA39092CAE41680070EBFF /* re_lightningDonghae.app */,
			);
			name = Products;
			sourceTree = "<group>";
		};
		61AA390B2CAE41680070EBFF /* re_lightningDonghae */ = {
			isa = PBXGroup;
			children = (
				61AA39692CAEE80D0070EBFF /* re_lightningDonghae.entitlements */,
				9D2170A82CAEF02F005E4CCB /* re_lightningDonghae.entitlements */,
				9D2170A52CAEDF90005E4CCB /* user */,
				9D2170A42CAEC555005E4CCB /* re_lightningDonghaeRelease.entitlements */,
				61AA39642CAEA0800070EBFF /* re-lightningDonghae-Info.plist */,
				61A10C5A2CB150A500CA1911 /* GoogleService-Info.plist */,
				9D21706C2CAE9F36005E4CCB /* locationmanager.swift */,
				9D2170672CAE9794005E4CCB /* Findroad */,
				61AA390C2CAE41680070EBFF /* re_lightningDonghaeApp.swift */,
				61AA393E2CAE4E580070EBFF /* Tab */,
				61AA39402CAE4EDD0070EBFF /* Tourlist */,
				61AA39412CAE4F270070EBFF /* 잘 모르겠는거 담아둔곳 */,
				61AA392D2CAE47FA0070EBFF /* Login */,
				61AA39222CAE44FC0070EBFF /* SubwayMap */,
				61AA39102CAE41690070EBFF /* Assets.xcassets */,
				610275C52CB1792F0081E6A9 /* LastOne */,
				61AA39122CAE41690070EBFF /* Preview Content */,
			);
			path = re_lightningDonghae;
			sourceTree = "<group>";
		};
		61AA39122CAE41690070EBFF /* Preview Content */ = {
			isa = PBXGroup;
			children = (
				61AA39132CAE41690070EBFF /* Preview Assets.xcassets */,
			);
			path = "Preview Content";
			sourceTree = "<group>";
		};
		61AA39222CAE44FC0070EBFF /* SubwayMap */ = {
			isa = PBXGroup;
			children = (
				9D2170612CAE6087005E4CCB /* SubwaySchedules.swift */,
				61AA39202CAE44D90070EBFF /* SubwayMapView.swift */,
				61AA39232CAE45230070EBFF /* StationDetailView.swift */,
			);
			path = SubwayMap;
			sourceTree = "<group>";
		};
		61AA392D2CAE47FA0070EBFF /* Login */ = {
			isa = PBXGroup;
			children = (
				61AA392E2CAE480A0070EBFF /* LoginView.swift */,
				61AA39302CAE481D0070EBFF /* CreateAccountView.swift */,
				61AA39342CAE49AA0070EBFF /* AILottiView.swift */,
			);
			path = Login;
			sourceTree = "<group>";
		};
		61AA393E2CAE4E580070EBFF /* Tab */ = {
			isa = PBXGroup;
			children = (
				61AA39252CAE45990070EBFF /* MyPageView.swift */,
				61AA391E2CAE44760070EBFF /* TabBarView.swift */,
				61AA393F2CAE4E820070EBFF /* MainHome */,
			);
			path = Tab;
			sourceTree = "<group>";
		};
		61AA393F2CAE4E820070EBFF /* MainHome */ = {
			isa = PBXGroup;
			children = (
				9D9F1CCE2CB038B3008DFA0C /* Stampfunction */,
				9D2170652CAE6D62005E4CCB /* AnswerView.swift */,
				61AA391A2CAE44160070EBFF /* MainView.swift */,
				61AA39272CAE46FD0070EBFF /* StampMapView.swift */,
				61AA39672CAEB7B60070EBFF /* UserDefaults.swift */,
				61AA39622CAE9EF20070EBFF /* StampView.swift */,
				61AA39362CAE4A3C0070EBFF /* SelectArrivalStation.swift */,
				61AA39322CAE497E0070EBFF /* SelectLifeStyleView.swift */,
				61AA39442CAE70A80070EBFF /* ResultOfStationSelection.swift */,
			);
			path = MainHome;
			sourceTree = "<group>";
		};
		61AA39402CAE4EDD0070EBFF /* Tourlist */ = {
			isa = PBXGroup;
			children = (
				9D21706A2CAE9E01005E4CCB /* DirectionsView.swift */,
				61AA392B2CAE473F0070EBFF /* TourListView.swift */,
				61AA39292CAE472B0070EBFF /* TourlistInfo.swift */,
				61AA393C2CAE4C590070EBFF /* TourlistSpotCard.swift */,
				61AA391C2CAE44310070EBFF /* TodayRecommendedCard.swift */,
			);
			path = Tourlist;
			sourceTree = "<group>";
		};
		61AA39412CAE4F270070EBFF /* 잘 모르겠는거 담아둔곳 */ = {
			isa = PBXGroup;
			children = (
				61AA393A2CAE4B5A0070EBFF /* SearchView.swift */,
				61AA39382CAE4B140070EBFF /* StationView.swift */,
			);
			name = "잘 모르겠는거 담아둔곳";
			path = "잘 모르겠는거 담아둔곳";
			sourceTree = "<group>";
		};
		9D2170672CAE9794005E4CCB /* Findroad */ = {
			isa = PBXGroup;
			children = (
				9D2170682CAE97A0005E4CCB /* FindroadView.swift */,
			);
			path = Findroad;
			sourceTree = "<group>";
		};
		9D2170732CAEC478005E4CCB /* Frameworks */ = {
			isa = PBXGroup;
			children = (
			);
			name = Frameworks;
			sourceTree = "<group>";
		};
		9D2170A52CAEDF90005E4CCB /* user */ = {
			isa = PBXGroup;
			children = (
				9D2170A62CAEDF98005E4CCB /* SignupView.swift */,
			);
			path = user;
			sourceTree = "<group>";
		};
		9D9F1CCE2CB038B3008DFA0C /* Stampfunction */ = {
			isa = PBXGroup;
			children = (
				9D9F1CD32CB0396D008DFA0C /* Corelocation.swift */,
				9D9F1CD12CB03915008DFA0C /* Visited.swift */,
				9D9F1CCF2CB038EB008DFA0C /* Popup.swift */,
			);
			path = Stampfunction;
			sourceTree = "<group>";
		};
/* End PBXGroup section */

/* Begin PBXNativeTarget section */
		61AA39082CAE41680070EBFF /* re_lightningDonghae */ = {
			isa = PBXNativeTarget;
			buildConfigurationList = 61AA39172CAE41690070EBFF /* Build configuration list for PBXNativeTarget "re_lightningDonghae" */;
			buildPhases = (
				61AA39052CAE41680070EBFF /* Sources */,
				61AA39062CAE41680070EBFF /* Frameworks */,
				61AA39072CAE41680070EBFF /* Resources */,
				610275C42CB15A9D0081E6A9 /* Embed Frameworks */,
			);
			buildRules = (
			);
			dependencies = (
			);
			name = re_lightningDonghae;
			packageProductDependencies = (
				610275BD2CB158450081E6A9 /* KakaoMapsSDK-SPM */,
			);
			productName = re_lightningDonghae;
			productReference = 61AA39092CAE41680070EBFF /* re_lightningDonghae.app */;
			productType = "com.apple.product-type.application";
		};
/* End PBXNativeTarget section */

/* Begin PBXProject section */
		61AA39012CAE41680070EBFF /* Project object */ = {
			isa = PBXProject;
			attributes = {
				BuildIndependentTargetsInParallel = 1;
				LastSwiftUpdateCheck = 1540;
				LastUpgradeCheck = 1540;
				TargetAttributes = {
					61AA39082CAE41680070EBFF = {
						CreatedOnToolsVersion = 15.4;
					};
				};
			};
			buildConfigurationList = 61AA39042CAE41680070EBFF /* Build configuration list for PBXProject "re_lightningDonghae" */;
			compatibilityVersion = "Xcode 14.0";
			developmentRegion = en;
			hasScannedForEncodings = 0;
			knownRegions = (
				en,
				Base,
			);
			mainGroup = 61AA39002CAE41680070EBFF;
			packageReferences = (
				9D2170722CAEC354005E4CCB /* XCRemoteSwiftPackageReference "firebase-ios-sdk" */,
				610275BC2CB158450081E6A9 /* XCRemoteSwiftPackageReference "KakaoMapsSDK-SPM" */,
			);
			productRefGroup = 61AA390A2CAE41680070EBFF /* Products */;
			projectDirPath = "";
			projectRoot = "";
			targets = (
				61AA39082CAE41680070EBFF /* re_lightningDonghae */,
			);
		};
/* End PBXProject section */

/* Begin PBXResourcesBuildPhase section */
		61AA39072CAE41680070EBFF /* Resources */ = {
			isa = PBXResourcesBuildPhase;
			buildActionMask = 2147483647;
			files = (
				61AA39142CAE41690070EBFF /* Preview Assets.xcassets in Resources */,
				61AA39112CAE41690070EBFF /* Assets.xcassets in Resources */,
				61A10C5B2CB150A500CA1911 /* GoogleService-Info.plist in Resources */,
			);
			runOnlyForDeploymentPostprocessing = 0;
		};
/* End PBXResourcesBuildPhase section */

/* Begin PBXSourcesBuildPhase section */
		61AA39052CAE41680070EBFF /* Sources */ = {
			isa = PBXSourcesBuildPhase;
			buildActionMask = 2147483647;
			files = (
				61AA39332CAE497E0070EBFF /* SelectLifeStyleView.swift in Sources */,
				61AA39212CAE44D90070EBFF /* SubwayMapView.swift in Sources */,
				9D2170662CAE6D6F005E4CCB /* AnswerView.swift in Sources */,
				61AA39262CAE45990070EBFF /* MyPageView.swift in Sources */,
				61AA39682CAEB7B60070EBFF /* UserDefaults.swift in Sources */,
				9D9F1CD42CB03975008DFA0C /* Corelocation.swift in Sources */,
				61AA39352CAE49AA0070EBFF /* AILottiView.swift in Sources */,
				61AA391F2CAE44760070EBFF /* TabBarView.swift in Sources */,
				9D9F1CD22CB03927008DFA0C /* Visited.swift in Sources */,
				61AA39632CAE9EF20070EBFF /* StampView.swift in Sources */,
				61AA39282CAE46FD0070EBFF /* StampMapView.swift in Sources */,
				61AA39392CAE4B140070EBFF /* StationView.swift in Sources */,
				61AA391B2CAE44160070EBFF /* MainView.swift in Sources */,
				61AA39372CAE4A3C0070EBFF /* SelectArrivalStation.swift in Sources */,
				61AA39452CAE70A80070EBFF /* ResultOfStationSelection.swift in Sources */,
				61AA393B2CAE4B5A0070EBFF /* SearchView.swift in Sources */,
				9D9F1CD02CB038F9008DFA0C /* Popup.swift in Sources */,
				610275C72CB179550081E6A9 /* LocationModel.swift in Sources */,
				9D21706D2CAE9F3D005E4CCB /* locationmanager.swift in Sources */,
				61AA39312CAE481D0070EBFF /* CreateAccountView.swift in Sources */,
				9D21706B2CAE9E1C005E4CCB /* DirectionsView.swift in Sources */,
				61AA392F2CAE480A0070EBFF /* LoginView.swift in Sources */,
				61AA390D2CAE41680070EBFF /* re_lightningDonghaeApp.swift in Sources */,
				61AA392A2CAE472B0070EBFF /* TourlistInfo.swift in Sources */,
				61AA391D2CAE44310070EBFF /* TodayRecommendedCard.swift in Sources */,
				9D2170622CAE6099005E4CCB /* SubwaySchedules.swift in Sources */,
				61AA39242CAE45230070EBFF /* StationDetailView.swift in Sources */,
				9D2170692CAE980C005E4CCB /* FindroadView.swift in Sources */,
				61AA392C2CAE473F0070EBFF /* TourListView.swift in Sources */,
				9D2170A72CAEDFA3005E4CCB /* SignupView.swift in Sources */,
				61AA393D2CAE4C590070EBFF /* TourlistSpotCard.swift in Sources */,
			);
			runOnlyForDeploymentPostprocessing = 0;
		};
/* End PBXSourcesBuildPhase section */

/* Begin XCBuildConfiguration section */
		61AA39152CAE41690070EBFF /* Debug */ = {
			isa = XCBuildConfiguration;
			buildSettings = {
				ALWAYS_SEARCH_USER_PATHS = NO;
				ASSETCATALOG_COMPILER_GENERATE_SWIFT_ASSET_SYMBOL_EXTENSIONS = YES;
				CLANG_ANALYZER_NONNULL = YES;
				CLANG_ANALYZER_NUMBER_OBJECT_CONVERSION = YES_AGGRESSIVE;
				CLANG_CXX_LANGUAGE_STANDARD = "gnu++20";
				CLANG_ENABLE_MODULES = YES;
				CLANG_ENABLE_OBJC_ARC = YES;
				CLANG_ENABLE_OBJC_WEAK = YES;
				CLANG_WARN_BLOCK_CAPTURE_AUTORELEASING = YES;
				CLANG_WARN_BOOL_CONVERSION = YES;
				CLANG_WARN_COMMA = YES;
				CLANG_WARN_CONSTANT_CONVERSION = YES;
				CLANG_WARN_DEPRECATED_OBJC_IMPLEMENTATIONS = YES;
				CLANG_WARN_DIRECT_OBJC_ISA_USAGE = YES_ERROR;
				CLANG_WARN_DOCUMENTATION_COMMENTS = YES;
				CLANG_WARN_EMPTY_BODY = YES;
				CLANG_WARN_ENUM_CONVERSION = YES;
				CLANG_WARN_INFINITE_RECURSION = YES;
				CLANG_WARN_INT_CONVERSION = YES;
				CLANG_WARN_NON_LITERAL_NULL_CONVERSION = YES;
				CLANG_WARN_OBJC_IMPLICIT_RETAIN_SELF = YES;
				CLANG_WARN_OBJC_LITERAL_CONVERSION = YES;
				CLANG_WARN_OBJC_ROOT_CLASS = YES_ERROR;
				CLANG_WARN_QUOTED_INCLUDE_IN_FRAMEWORK_HEADER = YES;
				CLANG_WARN_RANGE_LOOP_ANALYSIS = YES;
				CLANG_WARN_STRICT_PROTOTYPES = YES;
				CLANG_WARN_SUSPICIOUS_MOVE = YES;
				CLANG_WARN_UNGUARDED_AVAILABILITY = YES_AGGRESSIVE;
				CLANG_WARN_UNREACHABLE_CODE = YES;
				CLANG_WARN__DUPLICATE_METHOD_MATCH = YES;
				COPY_PHASE_STRIP = NO;
				DEBUG_INFORMATION_FORMAT = dwarf;
				ENABLE_STRICT_OBJC_MSGSEND = YES;
				ENABLE_TESTABILITY = YES;
				ENABLE_USER_SCRIPT_SANDBOXING = YES;
				GCC_C_LANGUAGE_STANDARD = gnu17;
				GCC_DYNAMIC_NO_PIC = NO;
				GCC_NO_COMMON_BLOCKS = YES;
				GCC_OPTIMIZATION_LEVEL = 0;
				GCC_PREPROCESSOR_DEFINITIONS = (
					"DEBUG=1",
					"$(inherited)",
				);
				GCC_WARN_64_TO_32_BIT_CONVERSION = YES;
				GCC_WARN_ABOUT_RETURN_TYPE = YES_ERROR;
				GCC_WARN_UNDECLARED_SELECTOR = YES;
				GCC_WARN_UNINITIALIZED_AUTOS = YES_AGGRESSIVE;
				GCC_WARN_UNUSED_FUNCTION = YES;
				GCC_WARN_UNUSED_VARIABLE = YES;
				IPHONEOS_DEPLOYMENT_TARGET = 17.5;
				LOCALIZATION_PREFERS_STRING_CATALOGS = YES;
				MTL_ENABLE_DEBUG_INFO = INCLUDE_SOURCE;
				MTL_FAST_MATH = YES;
				ONLY_ACTIVE_ARCH = YES;
				SDKROOT = iphoneos;
				SWIFT_ACTIVE_COMPILATION_CONDITIONS = "DEBUG $(inherited)";
				SWIFT_OPTIMIZATION_LEVEL = "-Onone";
			};
			name = Debug;
		};
		61AA39162CAE41690070EBFF /* Release */ = {
			isa = XCBuildConfiguration;
			buildSettings = {
				ALWAYS_SEARCH_USER_PATHS = NO;
				ASSETCATALOG_COMPILER_GENERATE_SWIFT_ASSET_SYMBOL_EXTENSIONS = YES;
				CLANG_ANALYZER_NONNULL = YES;
				CLANG_ANALYZER_NUMBER_OBJECT_CONVERSION = YES_AGGRESSIVE;
				CLANG_CXX_LANGUAGE_STANDARD = "gnu++20";
				CLANG_ENABLE_MODULES = YES;
				CLANG_ENABLE_OBJC_ARC = YES;
				CLANG_ENABLE_OBJC_WEAK = YES;
				CLANG_WARN_BLOCK_CAPTURE_AUTORELEASING = YES;
				CLANG_WARN_BOOL_CONVERSION = YES;
				CLANG_WARN_COMMA = YES;
				CLANG_WARN_CONSTANT_CONVERSION = YES;
				CLANG_WARN_DEPRECATED_OBJC_IMPLEMENTATIONS = YES;
				CLANG_WARN_DIRECT_OBJC_ISA_USAGE = YES_ERROR;
				CLANG_WARN_DOCUMENTATION_COMMENTS = YES;
				CLANG_WARN_EMPTY_BODY = YES;
				CLANG_WARN_ENUM_CONVERSION = YES;
				CLANG_WARN_INFINITE_RECURSION = YES;
				CLANG_WARN_INT_CONVERSION = YES;
				CLANG_WARN_NON_LITERAL_NULL_CONVERSION = YES;
				CLANG_WARN_OBJC_IMPLICIT_RETAIN_SELF = YES;
				CLANG_WARN_OBJC_LITERAL_CONVERSION = YES;
				CLANG_WARN_OBJC_ROOT_CLASS = YES_ERROR;
				CLANG_WARN_QUOTED_INCLUDE_IN_FRAMEWORK_HEADER = YES;
				CLANG_WARN_RANGE_LOOP_ANALYSIS = YES;
				CLANG_WARN_STRICT_PROTOTYPES = YES;
				CLANG_WARN_SUSPICIOUS_MOVE = YES;
				CLANG_WARN_UNGUARDED_AVAILABILITY = YES_AGGRESSIVE;
				CLANG_WARN_UNREACHABLE_CODE = YES;
				CLANG_WARN__DUPLICATE_METHOD_MATCH = YES;
				COPY_PHASE_STRIP = NO;
				DEBUG_INFORMATION_FORMAT = "dwarf-with-dsym";
				ENABLE_NS_ASSERTIONS = NO;
				ENABLE_STRICT_OBJC_MSGSEND = YES;
				ENABLE_USER_SCRIPT_SANDBOXING = YES;
				GCC_C_LANGUAGE_STANDARD = gnu17;
				GCC_NO_COMMON_BLOCKS = YES;
				GCC_WARN_64_TO_32_BIT_CONVERSION = YES;
				GCC_WARN_ABOUT_RETURN_TYPE = YES_ERROR;
				GCC_WARN_UNDECLARED_SELECTOR = YES;
				GCC_WARN_UNINITIALIZED_AUTOS = YES_AGGRESSIVE;
				GCC_WARN_UNUSED_FUNCTION = YES;
				GCC_WARN_UNUSED_VARIABLE = YES;
				IPHONEOS_DEPLOYMENT_TARGET = 17.5;
				LOCALIZATION_PREFERS_STRING_CATALOGS = YES;
				MTL_ENABLE_DEBUG_INFO = NO;
				MTL_FAST_MATH = YES;
				SDKROOT = iphoneos;
				SWIFT_COMPILATION_MODE = wholemodule;
				VALIDATE_PRODUCT = YES;
			};
			name = Release;
		};
		61AA39182CAE41690070EBFF /* Debug */ = {
			isa = XCBuildConfiguration;
			buildSettings = {
				ASSETCATALOG_COMPILER_APPICON_NAME = AppIcon;
				ASSETCATALOG_COMPILER_GLOBAL_ACCENT_COLOR_NAME = AccentColor;
				CODE_SIGN_ENTITLEMENTS = re_lightningDonghae/re_lightningDonghae.entitlements;
				CODE_SIGN_STYLE = Automatic;
				CURRENT_PROJECT_VERSION = 1;
				DEVELOPMENT_ASSET_PATHS = "\"re_lightningDonghae/Preview Content\"";
				DEVELOPMENT_TEAM = TA9TKWGKS3;
				ENABLE_PREVIEWS = YES;
				GENERATE_INFOPLIST_FILE = YES;
				INFOPLIST_FILE = "re-lightningDonghae-Info.plist";
				INFOPLIST_KEY_CFBundleDisplayName = "";
				INFOPLIST_KEY_LSApplicationCategoryType = "";
				INFOPLIST_KEY_NSLocationAlwaysAndWhenInUseUsageDescription = "이 앱은 사용자의 위치를 실시간으로 추적하여 관광지 근처에 있을 때 알림을 제공합니다.";
				INFOPLIST_KEY_NSLocationAlwaysUsageDescription = "";
				INFOPLIST_KEY_NSLocationWhenInUseUsageDescription = "이 앱은 사용자의 위치를 사용하여 관광지와의 거리를 측정합니다.";
				INFOPLIST_KEY_UIApplicationSceneManifest_Generation = YES;
				INFOPLIST_KEY_UIApplicationSupportsIndirectInputEvents = YES;
				INFOPLIST_KEY_UILaunchScreen_Generation = YES;
				INFOPLIST_KEY_UISupportedInterfaceOrientations_iPad = "UIInterfaceOrientationPortrait UIInterfaceOrientationPortraitUpsideDown UIInterfaceOrientationLandscapeLeft UIInterfaceOrientationLandscapeRight";
				INFOPLIST_KEY_UISupportedInterfaceOrientations_iPhone = "UIInterfaceOrientationPortrait UIInterfaceOrientationLandscapeLeft UIInterfaceOrientationLandscapeRight";
				LD_RUNPATH_SEARCH_PATHS = (
					"$(inherited)",
					"@executable_path/Frameworks",
				);
				MARKETING_VERSION = 1.0;
				PRODUCT_BUNDLE_IDENTIFIER = com.trudy.relightningDonghae;
				PRODUCT_NAME = "$(TARGET_NAME)";
				SWIFT_EMIT_LOC_STRINGS = YES;
				SWIFT_VERSION = 5.0;
				TARGETED_DEVICE_FAMILY = "1,2";
			};
			name = Debug;
		};
		61AA39192CAE41690070EBFF /* Release */ = {
			isa = XCBuildConfiguration;
			buildSettings = {
				ASSETCATALOG_COMPILER_APPICON_NAME = AppIcon;
				ASSETCATALOG_COMPILER_GLOBAL_ACCENT_COLOR_NAME = AccentColor;
				CODE_SIGN_ENTITLEMENTS = re_lightningDonghae/re_lightningDonghaeRelease.entitlements;
				CODE_SIGN_STYLE = Automatic;
				CURRENT_PROJECT_VERSION = 1;
				DEVELOPMENT_ASSET_PATHS = "\"re_lightningDonghae/Preview Content\"";
				DEVELOPMENT_TEAM = TA9TKWGKS3;
				ENABLE_PREVIEWS = YES;
				GENERATE_INFOPLIST_FILE = YES;
				INFOPLIST_FILE = "re-lightningDonghae-Info.plist";
				INFOPLIST_KEY_CFBundleDisplayName = "";
				INFOPLIST_KEY_LSApplicationCategoryType = "";
				INFOPLIST_KEY_NSLocationAlwaysAndWhenInUseUsageDescription = "이 앱은 사용자의 위치를 실시간으로 추적하여 관광지 근처에 있을 때 알림을 제공합니다.";
				INFOPLIST_KEY_NSLocationAlwaysUsageDescription = "";
				INFOPLIST_KEY_NSLocationWhenInUseUsageDescription = "이 앱은 사용자의 위치를 사용하여 관광지와의 거리를 측정합니다.";
				INFOPLIST_KEY_UIApplicationSceneManifest_Generation = YES;
				INFOPLIST_KEY_UIApplicationSupportsIndirectInputEvents = YES;
				INFOPLIST_KEY_UILaunchScreen_Generation = YES;
				INFOPLIST_KEY_UISupportedInterfaceOrientations_iPad = "UIInterfaceOrientationPortrait UIInterfaceOrientationPortraitUpsideDown UIInterfaceOrientationLandscapeLeft UIInterfaceOrientationLandscapeRight";
				INFOPLIST_KEY_UISupportedInterfaceOrientations_iPhone = "UIInterfaceOrientationPortrait UIInterfaceOrientationLandscapeLeft UIInterfaceOrientationLandscapeRight";
				LD_RUNPATH_SEARCH_PATHS = (
					"$(inherited)",
					"@executable_path/Frameworks",
				);
				MARKETING_VERSION = 1.0;
				PRODUCT_BUNDLE_IDENTIFIER = com.trudy.relightningDonghae;
				PRODUCT_NAME = "$(TARGET_NAME)";
				SWIFT_EMIT_LOC_STRINGS = YES;
				SWIFT_VERSION = 5.0;
				TARGETED_DEVICE_FAMILY = "1,2";
			};
			name = Release;
		};
/* End XCBuildConfiguration section */

/* Begin XCConfigurationList section */
		61AA39042CAE41680070EBFF /* Build configuration list for PBXProject "re_lightningDonghae" */ = {
			isa = XCConfigurationList;
			buildConfigurations = (
				61AA39152CAE41690070EBFF /* Debug */,
				61AA39162CAE41690070EBFF /* Release */,
			);
			defaultConfigurationIsVisible = 0;
			defaultConfigurationName = Release;
		};
		61AA39172CAE41690070EBFF /* Build configuration list for PBXNativeTarget "re_lightningDonghae" */ = {
			isa = XCConfigurationList;
			buildConfigurations = (
				61AA39182CAE41690070EBFF /* Debug */,
				61AA39192CAE41690070EBFF /* Release */,
			);
			defaultConfigurationIsVisible = 0;
			defaultConfigurationName = Release;
		};
/* End XCConfigurationList section */

/* Begin XCRemoteSwiftPackageReference section */
		610275BC2CB158450081E6A9 /* XCRemoteSwiftPackageReference "KakaoMapsSDK-SPM" */ = {
			isa = XCRemoteSwiftPackageReference;
			repositoryURL = "https://github.com/kakao-mapsSDK/KakaoMapsSDK-SPM.git";
			requirement = {
				kind = upToNextMajorVersion;
				minimumVersion = 2.12.0;
			};
		};
		9D2170722CAEC354005E4CCB /* XCRemoteSwiftPackageReference "firebase-ios-sdk" */ = {
			isa = XCRemoteSwiftPackageReference;
			repositoryURL = "https://github.com/firebase/firebase-ios-sdk";
			requirement = {
				kind = upToNextMajorVersion;
				minimumVersion = 11.3.0;
			};
		};
/* End XCRemoteSwiftPackageReference section */

/* Begin XCSwiftPackageProductDependency section */
		610275BD2CB158450081E6A9 /* KakaoMapsSDK-SPM */ = {
			isa = XCSwiftPackageProductDependency;
			package = 610275BC2CB158450081E6A9 /* XCRemoteSwiftPackageReference "KakaoMapsSDK-SPM" */;
			productName = "KakaoMapsSDK-SPM";
		};
		9D2170742CAEC484005E4CCB /* FirebaseAnalytics */ = {
			isa = XCSwiftPackageProductDependency;
			package = 9D2170722CAEC354005E4CCB /* XCRemoteSwiftPackageReference "firebase-ios-sdk" */;
			productName = FirebaseAnalytics;
		};
		9D2170762CAEC484005E4CCB /* FirebaseAnalyticsOnDeviceConversion */ = {
			isa = XCSwiftPackageProductDependency;
			package = 9D2170722CAEC354005E4CCB /* XCRemoteSwiftPackageReference "firebase-ios-sdk" */;
			productName = FirebaseAnalyticsOnDeviceConversion;
		};
		9D2170782CAEC484005E4CCB /* FirebaseAnalyticsWithoutAdIdSupport */ = {
			isa = XCSwiftPackageProductDependency;
			package = 9D2170722CAEC354005E4CCB /* XCRemoteSwiftPackageReference "firebase-ios-sdk" */;
			productName = FirebaseAnalyticsWithoutAdIdSupport;
		};
		9D21707A2CAEC484005E4CCB /* FirebaseAppCheck */ = {
			isa = XCSwiftPackageProductDependency;
			package = 9D2170722CAEC354005E4CCB /* XCRemoteSwiftPackageReference "firebase-ios-sdk" */;
			productName = FirebaseAppCheck;
		};
		9D21707C2CAEC484005E4CCB /* FirebaseAppDistribution-Beta */ = {
			isa = XCSwiftPackageProductDependency;
			package = 9D2170722CAEC354005E4CCB /* XCRemoteSwiftPackageReference "firebase-ios-sdk" */;
			productName = "FirebaseAppDistribution-Beta";
		};
		9D21707E2CAEC484005E4CCB /* FirebaseAuth */ = {
			isa = XCSwiftPackageProductDependency;
			package = 9D2170722CAEC354005E4CCB /* XCRemoteSwiftPackageReference "firebase-ios-sdk" */;
			productName = FirebaseAuth;
		};
		9D2170802CAEC484005E4CCB /* FirebaseAuthCombine-Community */ = {
			isa = XCSwiftPackageProductDependency;
			package = 9D2170722CAEC354005E4CCB /* XCRemoteSwiftPackageReference "firebase-ios-sdk" */;
			productName = "FirebaseAuthCombine-Community";
		};
		9D2170822CAEC484005E4CCB /* FirebaseCore */ = {
			isa = XCSwiftPackageProductDependency;
			package = 9D2170722CAEC354005E4CCB /* XCRemoteSwiftPackageReference "firebase-ios-sdk" */;
			productName = FirebaseCore;
		};
		9D2170842CAEC484005E4CCB /* FirebaseCrashlytics */ = {
			isa = XCSwiftPackageProductDependency;
			package = 9D2170722CAEC354005E4CCB /* XCRemoteSwiftPackageReference "firebase-ios-sdk" */;
			productName = FirebaseCrashlytics;
		};
		9D2170862CAEC484005E4CCB /* FirebaseDatabase */ = {
			isa = XCSwiftPackageProductDependency;
			package = 9D2170722CAEC354005E4CCB /* XCRemoteSwiftPackageReference "firebase-ios-sdk" */;
			productName = FirebaseDatabase;
		};
		9D2170882CAEC484005E4CCB /* FirebaseDynamicLinks */ = {
			isa = XCSwiftPackageProductDependency;
			package = 9D2170722CAEC354005E4CCB /* XCRemoteSwiftPackageReference "firebase-ios-sdk" */;
			productName = FirebaseDynamicLinks;
		};
		9D21708A2CAEC484005E4CCB /* FirebaseFirestore */ = {
			isa = XCSwiftPackageProductDependency;
			package = 9D2170722CAEC354005E4CCB /* XCRemoteSwiftPackageReference "firebase-ios-sdk" */;
			productName = FirebaseFirestore;
		};
		9D21708C2CAEC484005E4CCB /* FirebaseFirestoreCombine-Community */ = {
			isa = XCSwiftPackageProductDependency;
			package = 9D2170722CAEC354005E4CCB /* XCRemoteSwiftPackageReference "firebase-ios-sdk" */;
			productName = "FirebaseFirestoreCombine-Community";
		};
		9D21708E2CAEC484005E4CCB /* FirebaseFunctions */ = {
			isa = XCSwiftPackageProductDependency;
			package = 9D2170722CAEC354005E4CCB /* XCRemoteSwiftPackageReference "firebase-ios-sdk" */;
			productName = FirebaseFunctions;
		};
		9D2170902CAEC484005E4CCB /* FirebaseFunctionsCombine-Community */ = {
			isa = XCSwiftPackageProductDependency;
			package = 9D2170722CAEC354005E4CCB /* XCRemoteSwiftPackageReference "firebase-ios-sdk" */;
			productName = "FirebaseFunctionsCombine-Community";
		};
		9D2170922CAEC484005E4CCB /* FirebaseInAppMessaging-Beta */ = {
			isa = XCSwiftPackageProductDependency;
			package = 9D2170722CAEC354005E4CCB /* XCRemoteSwiftPackageReference "firebase-ios-sdk" */;
			productName = "FirebaseInAppMessaging-Beta";
		};
		9D2170942CAEC484005E4CCB /* FirebaseInstallations */ = {
			isa = XCSwiftPackageProductDependency;
			package = 9D2170722CAEC354005E4CCB /* XCRemoteSwiftPackageReference "firebase-ios-sdk" */;
			productName = FirebaseInstallations;
		};
		9D2170962CAEC484005E4CCB /* FirebaseMessaging */ = {
			isa = XCSwiftPackageProductDependency;
			package = 9D2170722CAEC354005E4CCB /* XCRemoteSwiftPackageReference "firebase-ios-sdk" */;
			productName = FirebaseMessaging;
		};
		9D2170982CAEC484005E4CCB /* FirebaseMLModelDownloader */ = {
			isa = XCSwiftPackageProductDependency;
			package = 9D2170722CAEC354005E4CCB /* XCRemoteSwiftPackageReference "firebase-ios-sdk" */;
			productName = FirebaseMLModelDownloader;
		};
		9D21709A2CAEC484005E4CCB /* FirebasePerformance */ = {
			isa = XCSwiftPackageProductDependency;
			package = 9D2170722CAEC354005E4CCB /* XCRemoteSwiftPackageReference "firebase-ios-sdk" */;
			productName = FirebasePerformance;
		};
		9D21709C2CAEC484005E4CCB /* FirebaseRemoteConfig */ = {
			isa = XCSwiftPackageProductDependency;
			package = 9D2170722CAEC354005E4CCB /* XCRemoteSwiftPackageReference "firebase-ios-sdk" */;
			productName = FirebaseRemoteConfig;
		};
		9D21709E2CAEC484005E4CCB /* FirebaseStorage */ = {
			isa = XCSwiftPackageProductDependency;
			package = 9D2170722CAEC354005E4CCB /* XCRemoteSwiftPackageReference "firebase-ios-sdk" */;
			productName = FirebaseStorage;
		};
		9D2170A02CAEC484005E4CCB /* FirebaseStorageCombine-Community */ = {
			isa = XCSwiftPackageProductDependency;
			package = 9D2170722CAEC354005E4CCB /* XCRemoteSwiftPackageReference "firebase-ios-sdk" */;
			productName = "FirebaseStorageCombine-Community";
		};
		9D2170A22CAEC484005E4CCB /* FirebaseVertexAI-Preview */ = {
			isa = XCSwiftPackageProductDependency;
			package = 9D2170722CAEC354005E4CCB /* XCRemoteSwiftPackageReference "firebase-ios-sdk" */;
			productName = "FirebaseVertexAI-Preview";
		};
/* End XCSwiftPackageProductDependency section */
	};
	rootObject = 61AA39012CAE41680070EBFF /* Project object */;
}
